PODS:
  - Alamofire (5.6.2)
  - Differentiator (5.0.0)
  - Kingfisher (7.3.2)
  - NMapsMap (3.16.0)
  - RxCocoa (6.5.0):
    - RxRelay (= 6.5.0)
    - RxSwift (= 6.5.0)
  - RxDataSources (5.0.0):
    - Differentiator (~> 5.0)
    - RxCocoa (~> 6.0)
    - RxSwift (~> 6.0)
  - RxGesture (4.0.4):
    - RxCocoa (~> 6.0)
    - RxSwift (~> 6.0)
  - RxRelay (6.5.0):
    - RxSwift (= 6.5.0)
  - RxSwift (6.5.0)
  - SnapKit (5.6.0)
  - Then (3.0.0)

DEPENDENCIES:
  - Alamofire
  - Kingfisher (~> 7.0)
  - NMapsMap
  - RxCocoa (= 6.5.0)
  - RxDataSources (~> 5.0)
  - RxGesture
  - RxSwift (= 6.5.0)
  - SnapKit
  - Then

SPEC REPOS:
  trunk:
    - Alamofire
    - Differentiator
    - Kingfisher
    - NMapsMap
    - RxCocoa
    - RxDataSources
    - RxGesture
    - RxRelay
    - RxSwift
    - SnapKit
    - Then

SPEC CHECKSUMS:
  Alamofire: d368e1ff8a298e6dde360e35a3e68e6c610e7204
  Differentiator: e8497ceab83c1b10ca233716d547b9af21b9344d
  Kingfisher: 0086ad83719761ba9b2cdaf6ef4d5b4878cbae23
  NMapsMap: a2593320fca2bb09e521c05b4dffee4da42e96ed
  RxCocoa: 94f817b71c07517321eb4f9ad299112ca8af743b
  RxDataSources: aa47cc1ed6c500fa0dfecac5c979b723542d79cf
  RxGesture: f3efb47ed2d26a8082f7b660d4a59970e275a7f8
  RxRelay: 1de1523e604c72b6c68feadedd1af3b1b4d0ecbd
  RxSwift: 5710a9e6b17f3c3d6e40d6e559b9fa1e813b2ef8
  SnapKit: e01d52ebb8ddbc333eefe2132acf85c8227d9c25
  Then: 844265ae87834bbe1147d91d5d41a404da2ec27d

PODFILE CHECKSUM: 9f4ea522f9e80c2cd4691f400019a097bb288a68

COCOAPODS: 1.11.3
