// !$*UTF8*$!
{
	archiveVersion = 1;
	classes = {
	};
	objectVersion = 56;
	objects = {

/* Begin PBXBuildFile section */
		0E8CA698299FC63300F98C15 /* BookmarkAllVC.swift in Sources */ = {isa = PBXBuildFile; fileRef = 0E8CA697299FC63300F98C15 /* BookmarkAllVC.swift */; };
		0E912300299BF1450023EA59 /* AllBookmarkButton.swift in Sources */ = {isa = PBXBuildFile; fileRef = 0E9122FF299BF1450023EA59 /* AllBookmarkButton.swift */; };
		0E912306299D3FF40023EA59 /* EmptyBookmarkView.swift in Sources */ = {isa = PBXBuildFile; fileRef = 0E912305299D3FF40023EA59 /* EmptyBookmarkView.swift */; };
		0E91230A299E6E080023EA59 /* RequestLoginView.swift in Sources */ = {isa = PBXBuildFile; fileRef = 0E912309299E6E080023EA59 /* RequestLoginView.swift */; };
		0E91230D299E7ECD0023EA59 /* BookmarkTypeCVC.swift in Sources */ = {isa = PBXBuildFile; fileRef = 0E91230C299E7ECC0023EA59 /* BookmarkTypeCVC.swift */; };
		0EA432D929A0894400C4D47F /* BookmarkWishlistVC.swift in Sources */ = {isa = PBXBuildFile; fileRef = 0EA432D829A0894400C4D47F /* BookmarkWishlistVC.swift */; };
		0EA432DB29A089F300C4D47F /* BookmarkHistoryVC.swift in Sources */ = {isa = PBXBuildFile; fileRef = 0EA432DA29A089F300C4D47F /* BookmarkHistoryVC.swift */; };
		3C2AED582990B3C200E36342 /* UserDefaults+.swift in Sources */ = {isa = PBXBuildFile; fileRef = 3C2AED182990B3C200E36342 /* UserDefaults+.swift */; };
		3C2AED592990B3C200E36342 /* Int+.swift in Sources */ = {isa = PBXBuildFile; fileRef = 3C2AED192990B3C200E36342 /* Int+.swift */; };
		3C2AED5B2990B3C200E36342 /* UITextView+.swift in Sources */ = {isa = PBXBuildFile; fileRef = 3C2AED1B2990B3C200E36342 /* UITextView+.swift */; };
		3C2AED5C2990B3C200E36342 /* UIView+.swift in Sources */ = {isa = PBXBuildFile; fileRef = 3C2AED1C2990B3C200E36342 /* UIView+.swift */; };
		3C2AED5D2990B3C200E36342 /* UIString+.swift in Sources */ = {isa = PBXBuildFile; fileRef = 3C2AED1D2990B3C200E36342 /* UIString+.swift */; };
		3C2AED5E2990B3C200E36342 /* UIStackView+.swift in Sources */ = {isa = PBXBuildFile; fileRef = 3C2AED1E2990B3C200E36342 /* UIStackView+.swift */; };
		3C2AED5F2990B3C200E36342 /* UIViewController+.swift in Sources */ = {isa = PBXBuildFile; fileRef = 3C2AED1F2990B3C200E36342 /* UIViewController+.swift */; };
		3C2AED602990B3C200E36342 /* UILabel+.swift in Sources */ = {isa = PBXBuildFile; fileRef = 3C2AED202990B3C200E36342 /* UILabel+.swift */; };
		3C2AED612990B3C200E36342 /* UIButton+.swift in Sources */ = {isa = PBXBuildFile; fileRef = 3C2AED212990B3C200E36342 /* UIButton+.swift */; };
		3C2AED622990B3C200E36342 /* UIScrollView+.swift in Sources */ = {isa = PBXBuildFile; fileRef = 3C2AED222990B3C200E36342 /* UIScrollView+.swift */; };
		3C2AED632990B3C200E36342 /* UITextField+.swift in Sources */ = {isa = PBXBuildFile; fileRef = 3C2AED232990B3C200E36342 /* UITextField+.swift */; };
		3C2AED642990B3C200E36342 /* Date+.swift in Sources */ = {isa = PBXBuildFile; fileRef = 3C2AED242990B3C200E36342 /* Date+.swift */; };
		3C2AED652990B3C200E36342 /* UIImage+.swift in Sources */ = {isa = PBXBuildFile; fileRef = 3C2AED252990B3C200E36342 /* UIImage+.swift */; };
		3C2AED662990B3C200E36342 /* UIColor+.swift in Sources */ = {isa = PBXBuildFile; fileRef = 3C2AED262990B3C200E36342 /* UIColor+.swift */; };
		3C2AED722990B3C200E36342 /* APIError.swift in Sources */ = {isa = PBXBuildFile; fileRef = 3C2AED342990B3C200E36342 /* APIError.swift */; };
		3C2AED732990B3C200E36342 /* APIService.swift in Sources */ = {isa = PBXBuildFile; fileRef = 3C2AED352990B3C200E36342 /* APIService.swift */; };
		3C2AED752990B3C200E36342 /* APISession.swift in Sources */ = {isa = PBXBuildFile; fileRef = 3C2AED372990B3C200E36342 /* APISession.swift */; };
		3C2AED772990B3C200E36342 /* URLResource.swift in Sources */ = {isa = PBXBuildFile; fileRef = 3C2AED392990B3C200E36342 /* URLResource.swift */; };
		3C2AED782990B3C200E36342 /* Output.swift in Sources */ = {isa = PBXBuildFile; fileRef = 3C2AED3B2990B3C200E36342 /* Output.swift */; };
		3C2AED792990B3C200E36342 /* Input.swift in Sources */ = {isa = PBXBuildFile; fileRef = 3C2AED3C2990B3C200E36342 /* Input.swift */; };
		3C2AED7A2990B3C300E36342 /* Loadable.swift in Sources */ = {isa = PBXBuildFile; fileRef = 3C2AED3D2990B3C200E36342 /* Loadable.swift */; };
		3C2AED7F2990B3C300E36342 /* PaddingLabel.swift in Sources */ = {isa = PBXBuildFile; fileRef = 3C2AED442990B3C200E36342 /* PaddingLabel.swift */; };
		3C2AED822990B3C300E36342 /* BaseViewController.swift in Sources */ = {isa = PBXBuildFile; fileRef = 3C2AED492990B3C200E36342 /* BaseViewController.swift */; };
		3C2AED832990B3C300E36342 /* BaseTableViewCell.swift in Sources */ = {isa = PBXBuildFile; fileRef = 3C2AED4A2990B3C200E36342 /* BaseTableViewCell.swift */; };
		3C2AED842990B3C300E36342 /* BaseViewModel.swift in Sources */ = {isa = PBXBuildFile; fileRef = 3C2AED4B2990B3C200E36342 /* BaseViewModel.swift */; };
		3C2AED852990B3C300E36342 /* BaseCollectionViewCell.swift in Sources */ = {isa = PBXBuildFile; fileRef = 3C2AED4C2990B3C200E36342 /* BaseCollectionViewCell.swift */; };
		3C2AED862990B3C300E36342 /* BaseNavigationController.swift in Sources */ = {isa = PBXBuildFile; fileRef = 3C2AED4D2990B3C200E36342 /* BaseNavigationController.swift */; };
		3C2AED872990B3C300E36342 /* BaseView.swift in Sources */ = {isa = PBXBuildFile; fileRef = 3C2AED4E2990B3C200E36342 /* BaseView.swift */; };
		3C2AED8A2990B3C300E36342 /* Pretendard-Medium.otf in Resources */ = {isa = PBXBuildFile; fileRef = 3C2AED522990B3C200E36342 /* Pretendard-Medium.otf */; };
		3C2AED8D2990B3C300E36342 /* Pretendard-SemiBold.otf in Resources */ = {isa = PBXBuildFile; fileRef = 3C2AED552990B3C200E36342 /* Pretendard-SemiBold.otf */; };
		3C2AED8E2990B3C300E36342 /* Service.swift in Sources */ = {isa = PBXBuildFile; fileRef = 3C2AED572990B3C200E36342 /* Service.swift */; };
		3C2AF0CD2990D6BC00E36342 /* ReetPlaceTBC.swift in Sources */ = {isa = PBXBuildFile; fileRef = 3C2AF0CC2990D6BC00E36342 /* ReetPlaceTBC.swift */; };
		3C2AF0D12990DFAC00E36342 /* BookmarkVC.swift in Sources */ = {isa = PBXBuildFile; fileRef = 3C2AF0D02990DFAC00E36342 /* BookmarkVC.swift */; };
		3C2AF0D52990F7C200E36342 /* AuthInterceptor.swift in Sources */ = {isa = PBXBuildFile; fileRef = 3C2AF0D42990F7C200E36342 /* AuthInterceptor.swift */; };
		3C2AF0D72991397100E36342 /* NavigationType.swift in Sources */ = {isa = PBXBuildFile; fileRef = 3C2AF0D62991397100E36342 /* NavigationType.swift */; };
		3C2AF0D929913FF000E36342 /* SceneDelegate.swift in Sources */ = {isa = PBXBuildFile; fileRef = 3C2AF0D829913FF000E36342 /* SceneDelegate.swift */; };
		3C2AF0DB29914A8C00E36342 /* AssetsImages.swift in Sources */ = {isa = PBXBuildFile; fileRef = 3C2AF0DA29914A8C00E36342 /* AssetsImages.swift */; };
		3C2AF0DD29914CAA00E36342 /* UIFont+.swift in Sources */ = {isa = PBXBuildFile; fileRef = 3C2AF0DC29914CAA00E36342 /* UIFont+.swift */; };
		3C976C7F29AA3F860002F8A7 /* CaseIterable+.swift in Sources */ = {isa = PBXBuildFile; fileRef = 3C976C7E29AA3F860002F8A7 /* CaseIterable+.swift */; };
		3CBADD3D29A090E7005855B1 /* HomeVC.swift in Sources */ = {isa = PBXBuildFile; fileRef = 3CBADD3C29A090E7005855B1 /* HomeVC.swift */; };
		3CBE979229A8703200C0D2FE /* ReetPlaceTabBarVC.swift in Sources */ = {isa = PBXBuildFile; fileRef = 3CBE979129A8703200C0D2FE /* ReetPlaceTabBarVC.swift */; };
		3CBE979A29A9041700C0D2FE /* TabBarView.swift in Sources */ = {isa = PBXBuildFile; fileRef = 3CBE979929A9041700C0D2FE /* TabBarView.swift */; };
		3CBE979C29A904EF00C0D2FE /* ReetTabBarItemButton.swift in Sources */ = {isa = PBXBuildFile; fileRef = 3CBE979B29A904EF00C0D2FE /* ReetTabBarItemButton.swift */; };
		3CBE979E29A90A5800C0D2FE /* TabBarItem.swift in Sources */ = {isa = PBXBuildFile; fileRef = 3CBE979D29A90A5800C0D2FE /* TabBarItem.swift */; };
		3CEC2FB3298FEAAF0057D813 /* AppDelegate.swift in Sources */ = {isa = PBXBuildFile; fileRef = 3CEC2FB2298FEAAF0057D813 /* AppDelegate.swift */; };
		3CEC2FBC298FEAB20057D813 /* Assets.xcassets in Resources */ = {isa = PBXBuildFile; fileRef = 3CEC2FBB298FEAB20057D813 /* Assets.xcassets */; };
		3CEC2FBF298FEAB20057D813 /* LaunchScreen.storyboard in Resources */ = {isa = PBXBuildFile; fileRef = 3CEC2FBD298FEAB20057D813 /* LaunchScreen.storyboard */; };
		A417F66F299E8710005E6DA7 /* ModelUser.swift in Sources */ = {isa = PBXBuildFile; fileRef = A417F66E299E8710005E6DA7 /* ModelUser.swift */; };
		A4917E022996A4D300DF2A65 /* AssetColors.swift in Sources */ = {isa = PBXBuildFile; fileRef = A4917E012996A4D300DF2A65 /* AssetColors.swift */; };
		A4917E072996A5E900DF2A65 /* ReetButton.swift in Sources */ = {isa = PBXBuildFile; fileRef = A4917E062996A5E900DF2A65 /* ReetButton.swift */; };
		A4917E092996A6B200DF2A65 /* ReetButtonStyle.swift in Sources */ = {isa = PBXBuildFile; fileRef = A4917E082996A6B200DF2A65 /* ReetButtonStyle.swift */; };
		A4917E132996A84B00DF2A65 /* ButtonDefaultColorProvider.swift in Sources */ = {isa = PBXBuildFile; fileRef = A4917E122996A84B00DF2A65 /* ButtonDefaultColorProvider.swift */; };
		A4917E152996A88000DF2A65 /* ButtonActiveColorProvider.swift in Sources */ = {isa = PBXBuildFile; fileRef = A4917E142996A88000DF2A65 /* ButtonActiveColorProvider.swift */; };
		A4917E172996A8B300DF2A65 /* ButtonDisabledColorProvider.swift in Sources */ = {isa = PBXBuildFile; fileRef = A4917E162996A8B300DF2A65 /* ButtonDisabledColorProvider.swift */; };
		A49515F129A0764400A12EE1 /* UserProfileView.swift in Sources */ = {isa = PBXBuildFile; fileRef = A49515F029A0764400A12EE1 /* UserProfileView.swift */; };
		A4AABE6B299BC0A600BA9D37 /* Pretendard-Bold.otf in Resources */ = {isa = PBXBuildFile; fileRef = A4AABE6A299BC0A600BA9D37 /* Pretendard-Bold.otf */; };
		A4AABE6D299BC0BC00BA9D37 /* Pretendard-Regular.otf in Resources */ = {isa = PBXBuildFile; fileRef = A4AABE6C299BC0BC00BA9D37 /* Pretendard-Regular.otf */; };
		A4AABE6F299BC0D400BA9D37 /* AssetFonts.swift in Sources */ = {isa = PBXBuildFile; fileRef = A4AABE6E299BC0D400BA9D37 /* AssetFonts.swift */; };
		A4AABE71299BCBAD00BA9D37 /* BaseAttributedLabel.swift in Sources */ = {isa = PBXBuildFile; fileRef = A4AABE70299BCBAD00BA9D37 /* BaseAttributedLabel.swift */; };
		A4AABE73299BD04C00BA9D37 /* NSMutableAttributedString+.swift in Sources */ = {isa = PBXBuildFile; fileRef = A4AABE72299BD04C00BA9D37 /* NSMutableAttributedString+.swift */; };
		A4AABE75299BD3CE00BA9D37 /* String+Ext.swift in Sources */ = {isa = PBXBuildFile; fileRef = A4AABE74299BD3CE00BA9D37 /* String+Ext.swift */; };
		A4AABE77299BD86A00BA9D37 /* BaseVerticalScrollViewController.swift in Sources */ = {isa = PBXBuildFile; fileRef = A4AABE76299BD86A00BA9D37 /* BaseVerticalScrollViewController.swift */; };
		A4D09EC8299F984A004DEE97 /* UserInfoVC.swift in Sources */ = {isa = PBXBuildFile; fileRef = A4D09EC7299F984A004DEE97 /* UserInfoVC.swift */; };
		A4D09ECA299F9BAB004DEE97 /* AccountProviderType.swift in Sources */ = {isa = PBXBuildFile; fileRef = A4D09EC9299F9BAB004DEE97 /* AccountProviderType.swift */; };
		A4D09ECC299F9C51004DEE97 /* IconProvider.swift in Sources */ = {isa = PBXBuildFile; fileRef = A4D09ECB299F9C51004DEE97 /* IconProvider.swift */; };
		A4D09ECF299F9D10004DEE97 /* UserInfoMenu.swift in Sources */ = {isa = PBXBuildFile; fileRef = A4D09ECE299F9D10004DEE97 /* UserInfoMenu.swift */; };
		A4D09ED2299F9DDB004DEE97 /* UserInfoViewModel.swift in Sources */ = {isa = PBXBuildFile; fileRef = A4D09ED1299F9DDB004DEE97 /* UserInfoViewModel.swift */; };
		A4D09ED4299F9EC4004DEE97 /* UserInfoMenuDataSource.swift in Sources */ = {isa = PBXBuildFile; fileRef = A4D09ED3299F9EC4004DEE97 /* UserInfoMenuDataSource.swift */; };
		A4D09ED7299F9FC7004DEE97 /* UserInfoTVC.swift in Sources */ = {isa = PBXBuildFile; fileRef = A4D09ED6299F9FC7004DEE97 /* UserInfoTVC.swift */; };
		A4EFC08B299E488500B066AF /* MyPageVC.swift in Sources */ = {isa = PBXBuildFile; fileRef = A4EFC08A299E488500B066AF /* MyPageVC.swift */; };
		A4EFC08D299E48AD00B066AF /* MyPageViewModel.swift in Sources */ = {isa = PBXBuildFile; fileRef = A4EFC08C299E48AD00B066AF /* MyPageViewModel.swift */; };
		A4EFC091299E4D4D00B066AF /* Localizable.strings in Resources */ = {isa = PBXBuildFile; fileRef = A4EFC093299E4D4D00B066AF /* Localizable.strings */; };
		A4EFC095299E50DF00B066AF /* KeychainManager.swift in Sources */ = {isa = PBXBuildFile; fileRef = A4EFC094299E50DF00B066AF /* KeychainManager.swift */; };
		A4EFC097299E5DF000B066AF /* NavigationBar.swift in Sources */ = {isa = PBXBuildFile; fileRef = A4EFC096299E5DF000B066AF /* NavigationBar.swift */; };
		A4EFC099299E608500B066AF /* BaseNavigationViewController.swift in Sources */ = {isa = PBXBuildFile; fileRef = A4EFC098299E608500B066AF /* BaseNavigationViewController.swift */; };
		A4EFC09B299E6C9900B066AF /* LoginView.swift in Sources */ = {isa = PBXBuildFile; fileRef = A4EFC09A299E6C9900B066AF /* LoginView.swift */; };
		A4EFC09E299E6F0100B066AF /* DefaultCategoryTVC.swift in Sources */ = {isa = PBXBuildFile; fileRef = A4EFC09D299E6F0100B066AF /* DefaultCategoryTVC.swift */; };
		A4EFC0A1299E715900B066AF /* MyPageMenu.swift in Sources */ = {isa = PBXBuildFile; fileRef = A4EFC0A0299E715900B066AF /* MyPageMenu.swift */; };
		A4EFC0A3299E724E00B066AF /* ForegroundColorProvider.swift in Sources */ = {isa = PBXBuildFile; fileRef = A4EFC0A2299E724E00B066AF /* ForegroundColorProvider.swift */; };
		A4EFC0A6299E750500B066AF /* MyPageMenuDataSource.swift in Sources */ = {isa = PBXBuildFile; fileRef = A4EFC0A5299E750500B066AF /* MyPageMenuDataSource.swift */; };
		E790867F6AF1E4352F1605CA /* Pods_Reet_Place.framework in Frameworks */ = {isa = PBXBuildFile; fileRef = 75B835821C35237DF51F34A9 /* Pods_Reet_Place.framework */; };
/* End PBXBuildFile section */

/* Begin PBXFileReference section */
		0E8CA697299FC63300F98C15 /* BookmarkAllVC.swift */ = {isa = PBXFileReference; lastKnownFileType = sourcecode.swift; path = BookmarkAllVC.swift; sourceTree = "<group>"; };
		0E9122FF299BF1450023EA59 /* AllBookmarkButton.swift */ = {isa = PBXFileReference; lastKnownFileType = sourcecode.swift; path = AllBookmarkButton.swift; sourceTree = "<group>"; };
		0E912305299D3FF40023EA59 /* EmptyBookmarkView.swift */ = {isa = PBXFileReference; lastKnownFileType = sourcecode.swift; path = EmptyBookmarkView.swift; sourceTree = "<group>"; };
		0E912309299E6E080023EA59 /* RequestLoginView.swift */ = {isa = PBXFileReference; lastKnownFileType = sourcecode.swift; path = RequestLoginView.swift; sourceTree = "<group>"; };
		0E91230C299E7ECC0023EA59 /* BookmarkTypeCVC.swift */ = {isa = PBXFileReference; lastKnownFileType = sourcecode.swift; path = BookmarkTypeCVC.swift; sourceTree = "<group>"; };
		0EA432D829A0894400C4D47F /* BookmarkWishlistVC.swift */ = {isa = PBXFileReference; lastKnownFileType = sourcecode.swift; path = BookmarkWishlistVC.swift; sourceTree = "<group>"; };
		0EA432DA29A089F300C4D47F /* BookmarkHistoryVC.swift */ = {isa = PBXFileReference; lastKnownFileType = sourcecode.swift; path = BookmarkHistoryVC.swift; sourceTree = "<group>"; };
		3C2AED182990B3C200E36342 /* UserDefaults+.swift */ = {isa = PBXFileReference; fileEncoding = 4; lastKnownFileType = sourcecode.swift; path = "UserDefaults+.swift"; sourceTree = "<group>"; };
		3C2AED192990B3C200E36342 /* Int+.swift */ = {isa = PBXFileReference; fileEncoding = 4; lastKnownFileType = sourcecode.swift; path = "Int+.swift"; sourceTree = "<group>"; };
		3C2AED1B2990B3C200E36342 /* UITextView+.swift */ = {isa = PBXFileReference; fileEncoding = 4; lastKnownFileType = sourcecode.swift; path = "UITextView+.swift"; sourceTree = "<group>"; };
		3C2AED1C2990B3C200E36342 /* UIView+.swift */ = {isa = PBXFileReference; fileEncoding = 4; lastKnownFileType = sourcecode.swift; path = "UIView+.swift"; sourceTree = "<group>"; };
		3C2AED1D2990B3C200E36342 /* UIString+.swift */ = {isa = PBXFileReference; fileEncoding = 4; lastKnownFileType = sourcecode.swift; path = "UIString+.swift"; sourceTree = "<group>"; };
		3C2AED1E2990B3C200E36342 /* UIStackView+.swift */ = {isa = PBXFileReference; fileEncoding = 4; lastKnownFileType = sourcecode.swift; path = "UIStackView+.swift"; sourceTree = "<group>"; };
		3C2AED1F2990B3C200E36342 /* UIViewController+.swift */ = {isa = PBXFileReference; fileEncoding = 4; lastKnownFileType = sourcecode.swift; path = "UIViewController+.swift"; sourceTree = "<group>"; };
		3C2AED202990B3C200E36342 /* UILabel+.swift */ = {isa = PBXFileReference; fileEncoding = 4; lastKnownFileType = sourcecode.swift; path = "UILabel+.swift"; sourceTree = "<group>"; };
		3C2AED212990B3C200E36342 /* UIButton+.swift */ = {isa = PBXFileReference; fileEncoding = 4; lastKnownFileType = sourcecode.swift; path = "UIButton+.swift"; sourceTree = "<group>"; };
		3C2AED222990B3C200E36342 /* UIScrollView+.swift */ = {isa = PBXFileReference; fileEncoding = 4; lastKnownFileType = sourcecode.swift; path = "UIScrollView+.swift"; sourceTree = "<group>"; };
		3C2AED232990B3C200E36342 /* UITextField+.swift */ = {isa = PBXFileReference; fileEncoding = 4; lastKnownFileType = sourcecode.swift; path = "UITextField+.swift"; sourceTree = "<group>"; };
		3C2AED242990B3C200E36342 /* Date+.swift */ = {isa = PBXFileReference; fileEncoding = 4; lastKnownFileType = sourcecode.swift; path = "Date+.swift"; sourceTree = "<group>"; };
		3C2AED252990B3C200E36342 /* UIImage+.swift */ = {isa = PBXFileReference; fileEncoding = 4; lastKnownFileType = sourcecode.swift; path = "UIImage+.swift"; sourceTree = "<group>"; };
		3C2AED262990B3C200E36342 /* UIColor+.swift */ = {isa = PBXFileReference; fileEncoding = 4; lastKnownFileType = sourcecode.swift; path = "UIColor+.swift"; sourceTree = "<group>"; };
		3C2AED342990B3C200E36342 /* APIError.swift */ = {isa = PBXFileReference; fileEncoding = 4; lastKnownFileType = sourcecode.swift; path = APIError.swift; sourceTree = "<group>"; };
		3C2AED352990B3C200E36342 /* APIService.swift */ = {isa = PBXFileReference; fileEncoding = 4; lastKnownFileType = sourcecode.swift; path = APIService.swift; sourceTree = "<group>"; };
		3C2AED372990B3C200E36342 /* APISession.swift */ = {isa = PBXFileReference; fileEncoding = 4; lastKnownFileType = sourcecode.swift; path = APISession.swift; sourceTree = "<group>"; };
		3C2AED392990B3C200E36342 /* URLResource.swift */ = {isa = PBXFileReference; fileEncoding = 4; lastKnownFileType = sourcecode.swift; path = URLResource.swift; sourceTree = "<group>"; };
		3C2AED3B2990B3C200E36342 /* Output.swift */ = {isa = PBXFileReference; fileEncoding = 4; lastKnownFileType = sourcecode.swift; path = Output.swift; sourceTree = "<group>"; };
		3C2AED3C2990B3C200E36342 /* Input.swift */ = {isa = PBXFileReference; fileEncoding = 4; lastKnownFileType = sourcecode.swift; path = Input.swift; sourceTree = "<group>"; };
		3C2AED3D2990B3C200E36342 /* Loadable.swift */ = {isa = PBXFileReference; fileEncoding = 4; lastKnownFileType = sourcecode.swift; path = Loadable.swift; sourceTree = "<group>"; };
		3C2AED442990B3C200E36342 /* PaddingLabel.swift */ = {isa = PBXFileReference; fileEncoding = 4; lastKnownFileType = sourcecode.swift; path = PaddingLabel.swift; sourceTree = "<group>"; };
		3C2AED492990B3C200E36342 /* BaseViewController.swift */ = {isa = PBXFileReference; fileEncoding = 4; lastKnownFileType = sourcecode.swift; path = BaseViewController.swift; sourceTree = "<group>"; };
		3C2AED4A2990B3C200E36342 /* BaseTableViewCell.swift */ = {isa = PBXFileReference; fileEncoding = 4; lastKnownFileType = sourcecode.swift; path = BaseTableViewCell.swift; sourceTree = "<group>"; };
		3C2AED4B2990B3C200E36342 /* BaseViewModel.swift */ = {isa = PBXFileReference; fileEncoding = 4; lastKnownFileType = sourcecode.swift; path = BaseViewModel.swift; sourceTree = "<group>"; };
		3C2AED4C2990B3C200E36342 /* BaseCollectionViewCell.swift */ = {isa = PBXFileReference; fileEncoding = 4; lastKnownFileType = sourcecode.swift; path = BaseCollectionViewCell.swift; sourceTree = "<group>"; };
		3C2AED4D2990B3C200E36342 /* BaseNavigationController.swift */ = {isa = PBXFileReference; fileEncoding = 4; lastKnownFileType = sourcecode.swift; path = BaseNavigationController.swift; sourceTree = "<group>"; };
		3C2AED4E2990B3C200E36342 /* BaseView.swift */ = {isa = PBXFileReference; fileEncoding = 4; lastKnownFileType = sourcecode.swift; path = BaseView.swift; sourceTree = "<group>"; };
		3C2AED522990B3C200E36342 /* Pretendard-Medium.otf */ = {isa = PBXFileReference; lastKnownFileType = file; path = "Pretendard-Medium.otf"; sourceTree = "<group>"; };
		3C2AED552990B3C200E36342 /* Pretendard-SemiBold.otf */ = {isa = PBXFileReference; lastKnownFileType = file; path = "Pretendard-SemiBold.otf"; sourceTree = "<group>"; };
		3C2AED572990B3C200E36342 /* Service.swift */ = {isa = PBXFileReference; fileEncoding = 4; lastKnownFileType = sourcecode.swift; path = Service.swift; sourceTree = "<group>"; };
		3C2AF0CC2990D6BC00E36342 /* ReetPlaceTBC.swift */ = {isa = PBXFileReference; fileEncoding = 4; lastKnownFileType = sourcecode.swift; path = ReetPlaceTBC.swift; sourceTree = "<group>"; };
		3C2AF0D02990DFAC00E36342 /* BookmarkVC.swift */ = {isa = PBXFileReference; lastKnownFileType = sourcecode.swift; path = BookmarkVC.swift; sourceTree = "<group>"; };
		3C2AF0D42990F7C200E36342 /* AuthInterceptor.swift */ = {isa = PBXFileReference; fileEncoding = 4; lastKnownFileType = sourcecode.swift; path = AuthInterceptor.swift; sourceTree = "<group>"; };
		3C2AF0D62991397100E36342 /* NavigationType.swift */ = {isa = PBXFileReference; fileEncoding = 4; lastKnownFileType = sourcecode.swift; path = NavigationType.swift; sourceTree = "<group>"; };
		3C2AF0D829913FF000E36342 /* SceneDelegate.swift */ = {isa = PBXFileReference; fileEncoding = 4; lastKnownFileType = sourcecode.swift; path = SceneDelegate.swift; sourceTree = "<group>"; };
		3C2AF0DA29914A8C00E36342 /* AssetsImages.swift */ = {isa = PBXFileReference; lastKnownFileType = sourcecode.swift; path = AssetsImages.swift; sourceTree = "<group>"; };
		3C2AF0DC29914CAA00E36342 /* UIFont+.swift */ = {isa = PBXFileReference; fileEncoding = 4; lastKnownFileType = sourcecode.swift; path = "UIFont+.swift"; sourceTree = "<group>"; };
		3C976C7E29AA3F860002F8A7 /* CaseIterable+.swift */ = {isa = PBXFileReference; lastKnownFileType = sourcecode.swift; path = "CaseIterable+.swift"; sourceTree = "<group>"; };
		3CBADD3C29A090E7005855B1 /* HomeVC.swift */ = {isa = PBXFileReference; fileEncoding = 4; lastKnownFileType = sourcecode.swift; path = HomeVC.swift; sourceTree = "<group>"; };
		3CBE979129A8703200C0D2FE /* ReetPlaceTabBarVC.swift */ = {isa = PBXFileReference; lastKnownFileType = sourcecode.swift; path = ReetPlaceTabBarVC.swift; sourceTree = "<group>"; };
		3CBE979929A9041700C0D2FE /* TabBarView.swift */ = {isa = PBXFileReference; lastKnownFileType = sourcecode.swift; path = TabBarView.swift; sourceTree = "<group>"; };
		3CBE979B29A904EF00C0D2FE /* ReetTabBarItemButton.swift */ = {isa = PBXFileReference; lastKnownFileType = sourcecode.swift; path = ReetTabBarItemButton.swift; sourceTree = "<group>"; };
		3CBE979D29A90A5800C0D2FE /* TabBarItem.swift */ = {isa = PBXFileReference; lastKnownFileType = sourcecode.swift; path = TabBarItem.swift; sourceTree = "<group>"; };
		3CE41BF2782741A8F3679072 /* Pods-Reet-Place.release.xcconfig */ = {isa = PBXFileReference; includeInIndex = 1; lastKnownFileType = text.xcconfig; name = "Pods-Reet-Place.release.xcconfig"; path = "Target Support Files/Pods-Reet-Place/Pods-Reet-Place.release.xcconfig"; sourceTree = "<group>"; };
		3CEC2FAF298FEAAF0057D813 /* Reet-Place.app */ = {isa = PBXFileReference; explicitFileType = wrapper.application; includeInIndex = 0; path = "Reet-Place.app"; sourceTree = BUILT_PRODUCTS_DIR; };
		3CEC2FB2298FEAAF0057D813 /* AppDelegate.swift */ = {isa = PBXFileReference; lastKnownFileType = sourcecode.swift; path = AppDelegate.swift; sourceTree = "<group>"; };
		3CEC2FBB298FEAB20057D813 /* Assets.xcassets */ = {isa = PBXFileReference; lastKnownFileType = folder.assetcatalog; path = Assets.xcassets; sourceTree = "<group>"; };
		3CEC2FBE298FEAB20057D813 /* Base */ = {isa = PBXFileReference; lastKnownFileType = file.storyboard; name = Base; path = Base.lproj/LaunchScreen.storyboard; sourceTree = "<group>"; };
		3CEC2FC0298FEAB20057D813 /* Info.plist */ = {isa = PBXFileReference; lastKnownFileType = text.plist.xml; path = Info.plist; sourceTree = "<group>"; };
		75B835821C35237DF51F34A9 /* Pods_Reet_Place.framework */ = {isa = PBXFileReference; explicitFileType = wrapper.framework; includeInIndex = 0; path = Pods_Reet_Place.framework; sourceTree = BUILT_PRODUCTS_DIR; };
		A417F66E299E8710005E6DA7 /* ModelUser.swift */ = {isa = PBXFileReference; lastKnownFileType = sourcecode.swift; path = ModelUser.swift; sourceTree = "<group>"; };
		A4917E012996A4D300DF2A65 /* AssetColors.swift */ = {isa = PBXFileReference; lastKnownFileType = sourcecode.swift; path = AssetColors.swift; sourceTree = "<group>"; };
		A4917E062996A5E900DF2A65 /* ReetButton.swift */ = {isa = PBXFileReference; lastKnownFileType = sourcecode.swift; path = ReetButton.swift; sourceTree = "<group>"; };
		A4917E082996A6B200DF2A65 /* ReetButtonStyle.swift */ = {isa = PBXFileReference; lastKnownFileType = sourcecode.swift; path = ReetButtonStyle.swift; sourceTree = "<group>"; };
		A4917E122996A84B00DF2A65 /* ButtonDefaultColorProvider.swift */ = {isa = PBXFileReference; lastKnownFileType = sourcecode.swift; path = ButtonDefaultColorProvider.swift; sourceTree = "<group>"; };
		A4917E142996A88000DF2A65 /* ButtonActiveColorProvider.swift */ = {isa = PBXFileReference; lastKnownFileType = sourcecode.swift; path = ButtonActiveColorProvider.swift; sourceTree = "<group>"; };
		A4917E162996A8B300DF2A65 /* ButtonDisabledColorProvider.swift */ = {isa = PBXFileReference; lastKnownFileType = sourcecode.swift; path = ButtonDisabledColorProvider.swift; sourceTree = "<group>"; };
		A49515F029A0764400A12EE1 /* UserProfileView.swift */ = {isa = PBXFileReference; fileEncoding = 4; lastKnownFileType = sourcecode.swift; path = UserProfileView.swift; sourceTree = "<group>"; };
		A4AABE6A299BC0A600BA9D37 /* Pretendard-Bold.otf */ = {isa = PBXFileReference; lastKnownFileType = file; path = "Pretendard-Bold.otf"; sourceTree = "<group>"; };
		A4AABE6C299BC0BC00BA9D37 /* Pretendard-Regular.otf */ = {isa = PBXFileReference; lastKnownFileType = file; path = "Pretendard-Regular.otf"; sourceTree = "<group>"; };
		A4AABE6E299BC0D400BA9D37 /* AssetFonts.swift */ = {isa = PBXFileReference; lastKnownFileType = sourcecode.swift; path = AssetFonts.swift; sourceTree = "<group>"; };
		A4AABE70299BCBAD00BA9D37 /* BaseAttributedLabel.swift */ = {isa = PBXFileReference; lastKnownFileType = sourcecode.swift; path = BaseAttributedLabel.swift; sourceTree = "<group>"; };
		A4AABE72299BD04C00BA9D37 /* NSMutableAttributedString+.swift */ = {isa = PBXFileReference; lastKnownFileType = sourcecode.swift; path = "NSMutableAttributedString+.swift"; sourceTree = "<group>"; };
		A4AABE74299BD3CE00BA9D37 /* String+Ext.swift */ = {isa = PBXFileReference; lastKnownFileType = sourcecode.swift; path = "String+Ext.swift"; sourceTree = "<group>"; };
		A4AABE76299BD86A00BA9D37 /* BaseVerticalScrollViewController.swift */ = {isa = PBXFileReference; lastKnownFileType = sourcecode.swift; path = BaseVerticalScrollViewController.swift; sourceTree = "<group>"; };
		A4D09EC7299F984A004DEE97 /* UserInfoVC.swift */ = {isa = PBXFileReference; lastKnownFileType = sourcecode.swift; path = UserInfoVC.swift; sourceTree = "<group>"; };
		A4D09EC9299F9BAB004DEE97 /* AccountProviderType.swift */ = {isa = PBXFileReference; lastKnownFileType = sourcecode.swift; path = AccountProviderType.swift; sourceTree = "<group>"; };
		A4D09ECB299F9C51004DEE97 /* IconProvider.swift */ = {isa = PBXFileReference; lastKnownFileType = sourcecode.swift; path = IconProvider.swift; sourceTree = "<group>"; };
		A4D09ECE299F9D10004DEE97 /* UserInfoMenu.swift */ = {isa = PBXFileReference; lastKnownFileType = sourcecode.swift; path = UserInfoMenu.swift; sourceTree = "<group>"; };
		A4D09ED1299F9DDB004DEE97 /* UserInfoViewModel.swift */ = {isa = PBXFileReference; lastKnownFileType = sourcecode.swift; path = UserInfoViewModel.swift; sourceTree = "<group>"; };
		A4D09ED3299F9EC4004DEE97 /* UserInfoMenuDataSource.swift */ = {isa = PBXFileReference; lastKnownFileType = sourcecode.swift; path = UserInfoMenuDataSource.swift; sourceTree = "<group>"; };
		A4D09ED6299F9FC7004DEE97 /* UserInfoTVC.swift */ = {isa = PBXFileReference; lastKnownFileType = sourcecode.swift; path = UserInfoTVC.swift; sourceTree = "<group>"; };
		A4EFC08A299E488500B066AF /* MyPageVC.swift */ = {isa = PBXFileReference; lastKnownFileType = sourcecode.swift; path = MyPageVC.swift; sourceTree = "<group>"; };
		A4EFC08C299E48AD00B066AF /* MyPageViewModel.swift */ = {isa = PBXFileReference; lastKnownFileType = sourcecode.swift; path = MyPageViewModel.swift; sourceTree = "<group>"; };
		A4EFC092299E4D4D00B066AF /* en */ = {isa = PBXFileReference; lastKnownFileType = text.plist.strings; name = en; path = en.lproj/Localizable.strings; sourceTree = "<group>"; };
		A4EFC094299E50DF00B066AF /* KeychainManager.swift */ = {isa = PBXFileReference; lastKnownFileType = sourcecode.swift; path = KeychainManager.swift; sourceTree = "<group>"; };
		A4EFC096299E5DF000B066AF /* NavigationBar.swift */ = {isa = PBXFileReference; lastKnownFileType = sourcecode.swift; path = NavigationBar.swift; sourceTree = "<group>"; };
		A4EFC098299E608500B066AF /* BaseNavigationViewController.swift */ = {isa = PBXFileReference; lastKnownFileType = sourcecode.swift; path = BaseNavigationViewController.swift; sourceTree = "<group>"; };
		A4EFC09A299E6C9900B066AF /* LoginView.swift */ = {isa = PBXFileReference; lastKnownFileType = sourcecode.swift; path = LoginView.swift; sourceTree = "<group>"; };
		A4EFC09D299E6F0100B066AF /* DefaultCategoryTVC.swift */ = {isa = PBXFileReference; lastKnownFileType = sourcecode.swift; path = DefaultCategoryTVC.swift; sourceTree = "<group>"; };
		A4EFC0A0299E715900B066AF /* MyPageMenu.swift */ = {isa = PBXFileReference; lastKnownFileType = sourcecode.swift; path = MyPageMenu.swift; sourceTree = "<group>"; };
		A4EFC0A2299E724E00B066AF /* ForegroundColorProvider.swift */ = {isa = PBXFileReference; lastKnownFileType = sourcecode.swift; path = ForegroundColorProvider.swift; sourceTree = "<group>"; };
		A4EFC0A5299E750500B066AF /* MyPageMenuDataSource.swift */ = {isa = PBXFileReference; lastKnownFileType = sourcecode.swift; path = MyPageMenuDataSource.swift; sourceTree = "<group>"; };
		DB1E425FF106AB5AB18DEA46 /* Pods-Reet-Place.debug.xcconfig */ = {isa = PBXFileReference; includeInIndex = 1; lastKnownFileType = text.xcconfig; name = "Pods-Reet-Place.debug.xcconfig"; path = "Target Support Files/Pods-Reet-Place/Pods-Reet-Place.debug.xcconfig"; sourceTree = "<group>"; };
/* End PBXFileReference section */

/* Begin PBXFrameworksBuildPhase section */
		3CEC2FAC298FEAAF0057D813 /* Frameworks */ = {
			isa = PBXFrameworksBuildPhase;
			buildActionMask = 2147483647;
			files = (
				E790867F6AF1E4352F1605CA /* Pods_Reet_Place.framework in Frameworks */,
			);
			runOnlyForDeploymentPostprocessing = 0;
		};
/* End PBXFrameworksBuildPhase section */

/* Begin PBXGroup section */
		0E9122FE299BF1390023EA59 /* View */ = {
			isa = PBXGroup;
			children = (
				0E9122FF299BF1450023EA59 /* AllBookmarkButton.swift */,
				0E912305299D3FF40023EA59 /* EmptyBookmarkView.swift */,
				0E912309299E6E080023EA59 /* RequestLoginView.swift */,
			);
			path = View;
			sourceTree = "<group>";
		};
		0E91230B299E7E860023EA59 /* Cell */ = {
			isa = PBXGroup;
			children = (
				0E91230C299E7ECC0023EA59 /* BookmarkTypeCVC.swift */,
			);
			path = Cell;
			sourceTree = "<group>";
		};
		3C2AED162990B3C200E36342 /* Global */ = {
			isa = PBXGroup;
			children = (
				A4EFC08E299E4CFA00B066AF /* Assets */,
				3C2AED482990B3C200E36342 /* Class */,
				A4EFC0A4299E74F600B066AF /* Datasource */,
				3C2AED272990B3C200E36342 /* Enum */,
				3C2AED172990B3C200E36342 /* Extension */,
				3C2AED4F2990B3C200E36342 /* Font */,
				3C2AED3A2990B3C200E36342 /* Foundation */,
				A417F66D299E8706005E6DA7 /* Model */,
				3C2AED332990B3C200E36342 /* Network */,
				A4917E0F2996A7F700DF2A65 /* Protocols */,
				3C2AED562990B3C200E36342 /* Service */,
				3C2AED3E2990B3C200E36342 /* Utils */,
			);
			path = Global;
			sourceTree = "<group>";
		};
		3C2AED172990B3C200E36342 /* Extension */ = {
			isa = PBXGroup;
			children = (
				3C2AED242990B3C200E36342 /* Date+.swift */,
				3C2AED192990B3C200E36342 /* Int+.swift */,
				A4AABE72299BD04C00BA9D37 /* NSMutableAttributedString+.swift */,
				A4AABE74299BD3CE00BA9D37 /* String+Ext.swift */,
				3C2AED212990B3C200E36342 /* UIButton+.swift */,
				3C2AED262990B3C200E36342 /* UIColor+.swift */,
				3C2AF0DC29914CAA00E36342 /* UIFont+.swift */,
				3C2AED252990B3C200E36342 /* UIImage+.swift */,
				3C2AED202990B3C200E36342 /* UILabel+.swift */,
				3C2AED222990B3C200E36342 /* UIScrollView+.swift */,
				3C2AED1E2990B3C200E36342 /* UIStackView+.swift */,
				3C2AED1D2990B3C200E36342 /* UIString+.swift */,
				3C2AED232990B3C200E36342 /* UITextField+.swift */,
				3C2AED1B2990B3C200E36342 /* UITextView+.swift */,
				3C2AED1C2990B3C200E36342 /* UIView+.swift */,
				3C2AED1F2990B3C200E36342 /* UIViewController+.swift */,
				3C2AED182990B3C200E36342 /* UserDefaults+.swift */,
				3C976C7E29AA3F860002F8A7 /* CaseIterable+.swift */,
			);
			path = Extension;
			sourceTree = "<group>";
		};
		3C2AED272990B3C200E36342 /* Enum */ = {
			isa = PBXGroup;
			children = (
				A4D09EC9299F9BAB004DEE97 /* AccountProviderType.swift */,
				3C2AF0D62991397100E36342 /* NavigationType.swift */,
				3CBE979D29A90A5800C0D2FE /* TabBarItem.swift */,
			);
			path = Enum;
			sourceTree = "<group>";
		};
		3C2AED332990B3C200E36342 /* Network */ = {
			isa = PBXGroup;
			children = (
				3C2AED342990B3C200E36342 /* APIError.swift */,
				3C2AED352990B3C200E36342 /* APIService.swift */,
				3C2AED372990B3C200E36342 /* APISession.swift */,
				3C2AED392990B3C200E36342 /* URLResource.swift */,
				3C2AF0D42990F7C200E36342 /* AuthInterceptor.swift */,
			);
			path = Network;
			sourceTree = "<group>";
		};
		3C2AED3A2990B3C200E36342 /* Foundation */ = {
			isa = PBXGroup;
			children = (
				3C2AED3B2990B3C200E36342 /* Output.swift */,
				3C2AED3C2990B3C200E36342 /* Input.swift */,
				3C2AED3D2990B3C200E36342 /* Loadable.swift */,
			);
			path = Foundation;
			sourceTree = "<group>";
		};
		3C2AED3E2990B3C200E36342 /* Utils */ = {
			isa = PBXGroup;
			children = (
				A4EFC094299E50DF00B066AF /* KeychainManager.swift */,
				3C2AED442990B3C200E36342 /* PaddingLabel.swift */,
			);
			path = Utils;
			sourceTree = "<group>";
		};
		3C2AED482990B3C200E36342 /* Class */ = {
			isa = PBXGroup;
			children = (
				3C2AED4C2990B3C200E36342 /* BaseCollectionViewCell.swift */,
				A4AABE70299BCBAD00BA9D37 /* BaseAttributedLabel.swift */,
				3C2AED4D2990B3C200E36342 /* BaseNavigationController.swift */,
				A4EFC098299E608500B066AF /* BaseNavigationViewController.swift */,
				3C2AED4A2990B3C200E36342 /* BaseTableViewCell.swift */,
				A4AABE76299BD86A00BA9D37 /* BaseVerticalScrollViewController.swift */,
				3C2AED4E2990B3C200E36342 /* BaseView.swift */,
				3C2AED492990B3C200E36342 /* BaseViewController.swift */,
				3C2AED4B2990B3C200E36342 /* BaseViewModel.swift */,
			);
			path = Class;
			sourceTree = "<group>";
		};
		3C2AED4F2990B3C200E36342 /* Font */ = {
			isa = PBXGroup;
			children = (
				A4AABE6A299BC0A600BA9D37 /* Pretendard-Bold.otf */,
				3C2AED522990B3C200E36342 /* Pretendard-Medium.otf */,
				A4AABE6C299BC0BC00BA9D37 /* Pretendard-Regular.otf */,
				3C2AED552990B3C200E36342 /* Pretendard-SemiBold.otf */,
			);
			path = Font;
			sourceTree = "<group>";
		};
		3C2AED562990B3C200E36342 /* Service */ = {
			isa = PBXGroup;
			children = (
				3C2AED572990B3C200E36342 /* Service.swift */,
			);
			path = Service;
			sourceTree = "<group>";
		};
		3C2AED8F2990B69700E36342 /* Support */ = {
			isa = PBXGroup;
			children = (
				3CEC2FB2298FEAAF0057D813 /* AppDelegate.swift */,
				3C2AF0D829913FF000E36342 /* SceneDelegate.swift */,
				3CEC2FBB298FEAB20057D813 /* Assets.xcassets */,
				3CEC2FC0298FEAB20057D813 /* Info.plist */,
			);
			path = Support;
			sourceTree = "<group>";
		};
		3C2AEF282990CAB200E36342 /* Screen */ = {
			isa = PBXGroup;
			children = (
				3C2AEF292990CAB200E36342 /* TabBar */,
				3CBADD3729A090E7005855B1 /* Home */,
				3C2AEF2B2990CAB200E36342 /* BookMark */,
				A4EFC081299E483E00B066AF /* MyPage */,
				3C2AEFFF2990CAB300E36342 /* Share */,
				A4917E032996A5D800DF2A65 /* Shared */,
				A4D09EC5299F9839004DEE97 /* UserInfo */,
			);
			path = Screen;
			sourceTree = "<group>";
		};
		3C2AEF292990CAB200E36342 /* TabBar */ = {
			isa = PBXGroup;
			children = (
				3CBE979729A9036F00C0D2FE /* View */,
				3CBE979829A9038800C0D2FE /* ViewController */,
				3C2AF0CC2990D6BC00E36342 /* ReetPlaceTBC.swift */,
			);
			path = TabBar;
			sourceTree = "<group>";
		};
		3C2AEF2B2990CAB200E36342 /* BookMark */ = {
			isa = PBXGroup;
			children = (
				0E91230B299E7E860023EA59 /* Cell */,
				0E9122FE299BF1390023EA59 /* View */,
				3C2AEF572990CAB200E36342 /* ViewController */,
				3C2AEF2C2990CAB200E36342 /* ViewModel */,
				3C2AEF392990CAB200E36342 /* Model */,
			);
			path = BookMark;
			sourceTree = "<group>";
		};
		3C2AEF2C2990CAB200E36342 /* ViewModel */ = {
			isa = PBXGroup;
			children = (
			);
			path = ViewModel;
			sourceTree = "<group>";
		};
		3C2AEF392990CAB200E36342 /* Model */ = {
			isa = PBXGroup;
			children = (
			);
			path = Model;
			sourceTree = "<group>";
		};
		3C2AEF572990CAB200E36342 /* ViewController */ = {
			isa = PBXGroup;
			children = (
				3C2AF0D02990DFAC00E36342 /* BookmarkVC.swift */,
				0E8CA697299FC63300F98C15 /* BookmarkAllVC.swift */,
				0EA432D829A0894400C4D47F /* BookmarkWishlistVC.swift */,
				0EA432DA29A089F300C4D47F /* BookmarkHistoryVC.swift */,
			);
			path = ViewController;
			sourceTree = "<group>";
		};
		3C2AEFFF2990CAB300E36342 /* Share */ = {
			isa = PBXGroup;
			children = (
				A4EFC09C299E6EF600B066AF /* TableViewCell */,
				3C2AF0002990CAB300E36342 /* Model */,
				3C2AF0032990CAB300E36342 /* View */,
			);
			path = Share;
			sourceTree = "<group>";
		};
		3C2AF0002990CAB300E36342 /* Model */ = {
			isa = PBXGroup;
			children = (
			);
			path = Model;
			sourceTree = "<group>";
		};
		3C2AF0032990CAB300E36342 /* View */ = {
			isa = PBXGroup;
			children = (
				A4EFC096299E5DF000B066AF /* NavigationBar.swift */,
			);
			path = View;
			sourceTree = "<group>";
		};
		3CBADD3729A090E7005855B1 /* Home */ = {
			isa = PBXGroup;
			children = (
				3CBADD3829A090E7005855B1 /* ViewModel */,
				3CBADD3929A090E7005855B1 /* Model */,
				3CBADD3A29A090E7005855B1 /* View */,
				3CBADD3B29A090E7005855B1 /* ViewController */,
			);
			path = Home;
			sourceTree = "<group>";
		};
		3CBADD3829A090E7005855B1 /* ViewModel */ = {
			isa = PBXGroup;
			children = (
			);
			path = ViewModel;
			sourceTree = "<group>";
		};
		3CBADD3929A090E7005855B1 /* Model */ = {
			isa = PBXGroup;
			children = (
			);
			path = Model;
			sourceTree = "<group>";
		};
		3CBADD3A29A090E7005855B1 /* View */ = {
			isa = PBXGroup;
			children = (
			);
			path = View;
			sourceTree = "<group>";
		};
		3CBADD3B29A090E7005855B1 /* ViewController */ = {
			isa = PBXGroup;
			children = (
				3CBADD3C29A090E7005855B1 /* HomeVC.swift */,
			);
			path = ViewController;
			sourceTree = "<group>";
		};
		3CBE979729A9036F00C0D2FE /* View */ = {
			isa = PBXGroup;
			children = (
				3CBE979929A9041700C0D2FE /* TabBarView.swift */,
				3CBE979B29A904EF00C0D2FE /* ReetTabBarItemButton.swift */,
			);
			path = View;
			sourceTree = "<group>";
		};
		3CBE979829A9038800C0D2FE /* ViewController */ = {
			isa = PBXGroup;
			children = (
				3CBE979129A8703200C0D2FE /* ReetPlaceTabBarVC.swift */,
			);
			path = ViewController;
			sourceTree = "<group>";
		};
		3CEC2FA6298FEAAF0057D813 = {
			isa = PBXGroup;
			children = (
				3CEC2FB1298FEAAF0057D813 /* Reet-Place */,
				3CEC2FB0298FEAAF0057D813 /* Products */,
				426C5A93E80862113AD29D49 /* Pods */,
				FF1ADCF102C7CF18C04B7C27 /* Frameworks */,
			);
			sourceTree = "<group>";
		};
		3CEC2FB0298FEAAF0057D813 /* Products */ = {
			isa = PBXGroup;
			children = (
				3CEC2FAF298FEAAF0057D813 /* Reet-Place.app */,
			);
			name = Products;
			sourceTree = "<group>";
		};
		3CEC2FB1298FEAAF0057D813 /* Reet-Place */ = {
			isa = PBXGroup;
			children = (
				3CEC2FBD298FEAB20057D813 /* LaunchScreen.storyboard */,
				3C2AED8F2990B69700E36342 /* Support */,
				3C2AED162990B3C200E36342 /* Global */,
				3C2AEF282990CAB200E36342 /* Screen */,
			);
			path = "Reet-Place";
			sourceTree = "<group>";
		};
		426C5A93E80862113AD29D49 /* Pods */ = {
			isa = PBXGroup;
			children = (
				DB1E425FF106AB5AB18DEA46 /* Pods-Reet-Place.debug.xcconfig */,
				3CE41BF2782741A8F3679072 /* Pods-Reet-Place.release.xcconfig */,
			);
			path = Pods;
			sourceTree = "<group>";
		};
		A417F66D299E8706005E6DA7 /* Model */ = {
			isa = PBXGroup;
			children = (
				A417F66E299E8710005E6DA7 /* ModelUser.swift */,
			);
			path = Model;
			sourceTree = "<group>";
		};
		A4917E032996A5D800DF2A65 /* Shared */ = {
			isa = PBXGroup;
			children = (
				A4917E042996A5DC00DF2A65 /* View */,
			);
			path = Shared;
			sourceTree = "<group>";
		};
		A4917E042996A5DC00DF2A65 /* View */ = {
			isa = PBXGroup;
			children = (
				A4917E052996A5DF00DF2A65 /* ReetButton */,
			);
			path = View;
			sourceTree = "<group>";
		};
		A4917E052996A5DF00DF2A65 /* ReetButton */ = {
			isa = PBXGroup;
			children = (
				A4917E062996A5E900DF2A65 /* ReetButton.swift */,
				A4917E082996A6B200DF2A65 /* ReetButtonStyle.swift */,
			);
			path = ReetButton;
			sourceTree = "<group>";
		};
		A4917E0F2996A7F700DF2A65 /* Protocols */ = {
			isa = PBXGroup;
			children = (
				A4917E142996A88000DF2A65 /* ButtonActiveColorProvider.swift */,
				A4917E122996A84B00DF2A65 /* ButtonDefaultColorProvider.swift */,
				A4917E162996A8B300DF2A65 /* ButtonDisabledColorProvider.swift */,
				A4EFC0A2299E724E00B066AF /* ForegroundColorProvider.swift */,
				A4D09ECB299F9C51004DEE97 /* IconProvider.swift */,
			);
			path = Protocols;
			sourceTree = "<group>";
		};
		A4D09EC5299F9839004DEE97 /* UserInfo */ = {
			isa = PBXGroup;
			children = (
				A4D09ED5299F9FBA004DEE97 /* TableViewCell */,
				A4D09ECD299F9D05004DEE97 /* Model */,
				A4D09EC6299F9842004DEE97 /* ViewController */,
				A4D09ED0299F9DD0004DEE97 /* ViewModel */,
			);
			path = UserInfo;
			sourceTree = "<group>";
		};
		A4D09EC6299F9842004DEE97 /* ViewController */ = {
			isa = PBXGroup;
			children = (
				A4D09EC7299F984A004DEE97 /* UserInfoVC.swift */,
			);
			path = ViewController;
			sourceTree = "<group>";
		};
		A4D09ECD299F9D05004DEE97 /* Model */ = {
			isa = PBXGroup;
			children = (
				A4D09ECE299F9D10004DEE97 /* UserInfoMenu.swift */,
			);
			path = Model;
			sourceTree = "<group>";
		};
		A4D09ED0299F9DD0004DEE97 /* ViewModel */ = {
			isa = PBXGroup;
			children = (
				A4D09ED1299F9DDB004DEE97 /* UserInfoViewModel.swift */,
			);
			path = ViewModel;
			sourceTree = "<group>";
		};
		A4D09ED5299F9FBA004DEE97 /* TableViewCell */ = {
			isa = PBXGroup;
			children = (
				A4D09ED6299F9FC7004DEE97 /* UserInfoTVC.swift */,
			);
			path = TableViewCell;
			sourceTree = "<group>";
		};
		A4EFC081299E483E00B066AF /* MyPage */ = {
			isa = PBXGroup;
			children = (
				A4EFC085299E485F00B066AF /* Model */,
				A4EFC082299E485300B066AF /* View */,
				A4EFC083299E485700B066AF /* ViewController */,
				A4EFC084299E485B00B066AF /* ViewModel */,
			);
			path = MyPage;
			sourceTree = "<group>";
		};
		A4EFC082299E485300B066AF /* View */ = {
			isa = PBXGroup;
			children = (
				A4EFC09A299E6C9900B066AF /* LoginView.swift */,
				A49515F029A0764400A12EE1 /* UserProfileView.swift */,
			);
			path = View;
			sourceTree = "<group>";
		};
		A4EFC083299E485700B066AF /* ViewController */ = {
			isa = PBXGroup;
			children = (
				A4EFC08A299E488500B066AF /* MyPageVC.swift */,
			);
			path = ViewController;
			sourceTree = "<group>";
		};
		A4EFC084299E485B00B066AF /* ViewModel */ = {
			isa = PBXGroup;
			children = (
				A4EFC08C299E48AD00B066AF /* MyPageViewModel.swift */,
			);
			path = ViewModel;
			sourceTree = "<group>";
		};
		A4EFC085299E485F00B066AF /* Model */ = {
			isa = PBXGroup;
			children = (
				A4EFC0A0299E715900B066AF /* MyPageMenu.swift */,
			);
			path = Model;
			sourceTree = "<group>";
		};
		A4EFC08E299E4CFA00B066AF /* Assets */ = {
			isa = PBXGroup;
			children = (
				A4917E012996A4D300DF2A65 /* AssetColors.swift */,
				A4AABE6E299BC0D400BA9D37 /* AssetFonts.swift */,
				3C2AF0DA29914A8C00E36342 /* AssetsImages.swift */,
				A4EFC093299E4D4D00B066AF /* Localizable.strings */,
			);
			path = Assets;
			sourceTree = "<group>";
		};
		A4EFC09C299E6EF600B066AF /* TableViewCell */ = {
			isa = PBXGroup;
			children = (
				A4EFC09D299E6F0100B066AF /* DefaultCategoryTVC.swift */,
			);
			path = TableViewCell;
			sourceTree = "<group>";
		};
		A4EFC0A4299E74F600B066AF /* Datasource */ = {
			isa = PBXGroup;
			children = (
				A4EFC0A5299E750500B066AF /* MyPageMenuDataSource.swift */,
				A4D09ED3299F9EC4004DEE97 /* UserInfoMenuDataSource.swift */,
			);
			path = Datasource;
			sourceTree = "<group>";
		};
		FF1ADCF102C7CF18C04B7C27 /* Frameworks */ = {
			isa = PBXGroup;
			children = (
				75B835821C35237DF51F34A9 /* Pods_Reet_Place.framework */,
			);
			name = Frameworks;
			sourceTree = "<group>";
		};
/* End PBXGroup section */

/* Begin PBXNativeTarget section */
		3CEC2FAE298FEAAF0057D813 /* Reet-Place */ = {
			isa = PBXNativeTarget;
			buildConfigurationList = 3CEC2FC3298FEAB20057D813 /* Build configuration list for PBXNativeTarget "Reet-Place" */;
			buildPhases = (
				27C6935DF55E53E977C38AFC /* [CP] Check Pods Manifest.lock */,
				3CEC2FAB298FEAAF0057D813 /* Sources */,
				3CEC2FAC298FEAAF0057D813 /* Frameworks */,
				3CEC2FAD298FEAAF0057D813 /* Resources */,
				C9F138ED421DBB1D218544EE /* [CP] Embed Pods Frameworks */,
			);
			buildRules = (
			);
			dependencies = (
			);
			name = "Reet-Place";
			productName = "Reet-Place";
			productReference = 3CEC2FAF298FEAAF0057D813 /* Reet-Place.app */;
			productType = "com.apple.product-type.application";
		};
/* End PBXNativeTarget section */

/* Begin PBXProject section */
		3CEC2FA7298FEAAF0057D813 /* Project object */ = {
			isa = PBXProject;
			attributes = {
				BuildIndependentTargetsInParallel = 1;
				LastSwiftUpdateCheck = 1420;
				LastUpgradeCheck = 1420;
				TargetAttributes = {
					3CEC2FAE298FEAAF0057D813 = {
						CreatedOnToolsVersion = 14.2;
					};
				};
			};
			buildConfigurationList = 3CEC2FAA298FEAAF0057D813 /* Build configuration list for PBXProject "Reet-Place" */;
			compatibilityVersion = "Xcode 14.0";
			developmentRegion = en;
			hasScannedForEncodings = 0;
			knownRegions = (
				en,
				Base,
			);
			mainGroup = 3CEC2FA6298FEAAF0057D813;
			productRefGroup = 3CEC2FB0298FEAAF0057D813 /* Products */;
			projectDirPath = "";
			projectRoot = "";
			targets = (
				3CEC2FAE298FEAAF0057D813 /* Reet-Place */,
			);
		};
/* End PBXProject section */

/* Begin PBXResourcesBuildPhase section */
		3CEC2FAD298FEAAF0057D813 /* Resources */ = {
			isa = PBXResourcesBuildPhase;
			buildActionMask = 2147483647;
			files = (
				3C2AED8D2990B3C300E36342 /* Pretendard-SemiBold.otf in Resources */,
				A4AABE6D299BC0BC00BA9D37 /* Pretendard-Regular.otf in Resources */,
				A4AABE6B299BC0A600BA9D37 /* Pretendard-Bold.otf in Resources */,
				A4EFC091299E4D4D00B066AF /* Localizable.strings in Resources */,
				3CEC2FBF298FEAB20057D813 /* LaunchScreen.storyboard in Resources */,
				3C2AED8A2990B3C300E36342 /* Pretendard-Medium.otf in Resources */,
				3CEC2FBC298FEAB20057D813 /* Assets.xcassets in Resources */,
			);
			runOnlyForDeploymentPostprocessing = 0;
		};
/* End PBXResourcesBuildPhase section */

/* Begin PBXShellScriptBuildPhase section */
		27C6935DF55E53E977C38AFC /* [CP] Check Pods Manifest.lock */ = {
			isa = PBXShellScriptBuildPhase;
			buildActionMask = 2147483647;
			files = (
			);
			inputFileListPaths = (
			);
			inputPaths = (
				"${PODS_PODFILE_DIR_PATH}/Podfile.lock",
				"${PODS_ROOT}/Manifest.lock",
			);
			name = "[CP] Check Pods Manifest.lock";
			outputFileListPaths = (
			);
			outputPaths = (
				"$(DERIVED_FILE_DIR)/Pods-Reet-Place-checkManifestLockResult.txt",
			);
			runOnlyForDeploymentPostprocessing = 0;
			shellPath = /bin/sh;
			shellScript = "diff \"${PODS_PODFILE_DIR_PATH}/Podfile.lock\" \"${PODS_ROOT}/Manifest.lock\" > /dev/null\nif [ $? != 0 ] ; then\n    # print error to STDERR\n    echo \"error: The sandbox is not in sync with the Podfile.lock. Run 'pod install' or update your CocoaPods installation.\" >&2\n    exit 1\nfi\n# This output is used by Xcode 'outputs' to avoid re-running this script phase.\necho \"SUCCESS\" > \"${SCRIPT_OUTPUT_FILE_0}\"\n";
			showEnvVarsInLog = 0;
		};
		C9F138ED421DBB1D218544EE /* [CP] Embed Pods Frameworks */ = {
			isa = PBXShellScriptBuildPhase;
			buildActionMask = 2147483647;
			files = (
			);
			inputFileListPaths = (
				"${PODS_ROOT}/Target Support Files/Pods-Reet-Place/Pods-Reet-Place-frameworks-${CONFIGURATION}-input-files.xcfilelist",
			);
			name = "[CP] Embed Pods Frameworks";
			outputFileListPaths = (
				"${PODS_ROOT}/Target Support Files/Pods-Reet-Place/Pods-Reet-Place-frameworks-${CONFIGURATION}-output-files.xcfilelist",
			);
			runOnlyForDeploymentPostprocessing = 0;
			shellPath = /bin/sh;
			shellScript = "\"${PODS_ROOT}/Target Support Files/Pods-Reet-Place/Pods-Reet-Place-frameworks.sh\"\n";
			showEnvVarsInLog = 0;
		};
/* End PBXShellScriptBuildPhase section */

/* Begin PBXSourcesBuildPhase section */
		3CEC2FAB298FEAAF0057D813 /* Sources */ = {
			isa = PBXSourcesBuildPhase;
			buildActionMask = 2147483647;
			files = (
				0E91230A299E6E080023EA59 /* RequestLoginView.swift in Sources */,
				A4AABE73299BD04C00BA9D37 /* NSMutableAttributedString+.swift in Sources */,
				A4D09ECC299F9C51004DEE97 /* IconProvider.swift in Sources */,
				A4917E092996A6B200DF2A65 /* ReetButtonStyle.swift in Sources */,
				0E912300299BF1450023EA59 /* AllBookmarkButton.swift in Sources */,
				3C2AED582990B3C200E36342 /* UserDefaults+.swift in Sources */,
				3C2AED782990B3C200E36342 /* Output.swift in Sources */,
				A4D09ED2299F9DDB004DEE97 /* UserInfoViewModel.swift in Sources */,
				A4EFC0A6299E750500B066AF /* MyPageMenuDataSource.swift in Sources */,
				3C2AED5B2990B3C200E36342 /* UITextView+.swift in Sources */,
				3C2AED862990B3C300E36342 /* BaseNavigationController.swift in Sources */,
				A4AABE6F299BC0D400BA9D37 /* AssetFonts.swift in Sources */,
				3C2AED652990B3C200E36342 /* UIImage+.swift in Sources */,
				3C976C7F29AA3F860002F8A7 /* CaseIterable+.swift in Sources */,
				A4EFC09E299E6F0100B066AF /* DefaultCategoryTVC.swift in Sources */,
				A4EFC08D299E48AD00B066AF /* MyPageViewModel.swift in Sources */,
				3C2AED592990B3C200E36342 /* Int+.swift in Sources */,
				A4D09ECA299F9BAB004DEE97 /* AccountProviderType.swift in Sources */,
				3C2AED7F2990B3C300E36342 /* PaddingLabel.swift in Sources */,
				A4D09ED7299F9FC7004DEE97 /* UserInfoTVC.swift in Sources */,
				A4917E132996A84B00DF2A65 /* ButtonDefaultColorProvider.swift in Sources */,
				3CBE979229A8703200C0D2FE /* ReetPlaceTabBarVC.swift in Sources */,
				A4D09ED4299F9EC4004DEE97 /* UserInfoMenuDataSource.swift in Sources */,
				3C2AED752990B3C200E36342 /* APISession.swift in Sources */,
				3CBE979A29A9041700C0D2FE /* TabBarView.swift in Sources */,
				3C2AED832990B3C300E36342 /* BaseTableViewCell.swift in Sources */,
				3C2AED822990B3C300E36342 /* BaseViewController.swift in Sources */,
				3C2AF0DB29914A8C00E36342 /* AssetsImages.swift in Sources */,
				0EA432DB29A089F300C4D47F /* BookmarkHistoryVC.swift in Sources */,
				3C2AF0D72991397100E36342 /* NavigationType.swift in Sources */,
				3C2AED5C2990B3C200E36342 /* UIView+.swift in Sources */,
				0E8CA698299FC63300F98C15 /* BookmarkAllVC.swift in Sources */,
				3C2AF0DD29914CAA00E36342 /* UIFont+.swift in Sources */,
				A4917E022996A4D300DF2A65 /* AssetColors.swift in Sources */,
				A49515F129A0764400A12EE1 /* UserProfileView.swift in Sources */,
				3C2AF0CD2990D6BC00E36342 /* ReetPlaceTBC.swift in Sources */,
				3C2AED7A2990B3C300E36342 /* Loadable.swift in Sources */,
				A4EFC09B299E6C9900B066AF /* LoginView.swift in Sources */,
				3C2AED5E2990B3C200E36342 /* UIStackView+.swift in Sources */,
				A4EFC099299E608500B066AF /* BaseNavigationViewController.swift in Sources */,
				A4AABE77299BD86A00BA9D37 /* BaseVerticalScrollViewController.swift in Sources */,
				A4AABE75299BD3CE00BA9D37 /* String+Ext.swift in Sources */,
				3C2AED632990B3C200E36342 /* UITextField+.swift in Sources */,
				3C2AED772990B3C200E36342 /* URLResource.swift in Sources */,
				A4EFC0A1299E715900B066AF /* MyPageMenu.swift in Sources */,
				A4D09ECF299F9D10004DEE97 /* UserInfoMenu.swift in Sources */,
				3C2AED602990B3C200E36342 /* UILabel+.swift in Sources */,
				3C2AED612990B3C200E36342 /* UIButton+.swift in Sources */,
				3CEC2FB3298FEAAF0057D813 /* AppDelegate.swift in Sources */,
				3C2AED8E2990B3C300E36342 /* Service.swift in Sources */,
				3C2AF0D12990DFAC00E36342 /* BookmarkVC.swift in Sources */,
				3C2AED5D2990B3C200E36342 /* UIString+.swift in Sources */,
				0E91230D299E7ECD0023EA59 /* BookmarkTypeCVC.swift in Sources */,
				3C2AED5F2990B3C200E36342 /* UIViewController+.swift in Sources */,
				3C2AF0D929913FF000E36342 /* SceneDelegate.swift in Sources */,
				A4EFC095299E50DF00B066AF /* KeychainManager.swift in Sources */,
				A4917E172996A8B300DF2A65 /* ButtonDisabledColorProvider.swift in Sources */,
				3C2AED622990B3C200E36342 /* UIScrollView+.swift in Sources */,
				3CBE979E29A90A5800C0D2FE /* TabBarItem.swift in Sources */,
				3C2AF0D52990F7C200E36342 /* AuthInterceptor.swift in Sources */,
				0EA432D929A0894400C4D47F /* BookmarkWishlistVC.swift in Sources */,
				A4EFC08B299E488500B066AF /* MyPageVC.swift in Sources */,
				A4D09EC8299F984A004DEE97 /* UserInfoVC.swift in Sources */,
				A417F66F299E8710005E6DA7 /* ModelUser.swift in Sources */,
				0E912306299D3FF40023EA59 /* EmptyBookmarkView.swift in Sources */,
				3C2AED722990B3C200E36342 /* APIError.swift in Sources */,
				A4EFC097299E5DF000B066AF /* NavigationBar.swift in Sources */,
				3C2AED842990B3C300E36342 /* BaseViewModel.swift in Sources */,
				3CBE979C29A904EF00C0D2FE /* ReetTabBarItemButton.swift in Sources */,
				A4917E152996A88000DF2A65 /* ButtonActiveColorProvider.swift in Sources */,
				3C2AED872990B3C300E36342 /* BaseView.swift in Sources */,
				3C2AED852990B3C300E36342 /* BaseCollectionViewCell.swift in Sources */,
				A4917E072996A5E900DF2A65 /* ReetButton.swift in Sources */,
				3CBADD3D29A090E7005855B1 /* HomeVC.swift in Sources */,
				3C2AED792990B3C200E36342 /* Input.swift in Sources */,
				3C2AED732990B3C200E36342 /* APIService.swift in Sources */,
				3C2AED642990B3C200E36342 /* Date+.swift in Sources */,
				3C2AED662990B3C200E36342 /* UIColor+.swift in Sources */,
				A4AABE71299BCBAD00BA9D37 /* BaseAttributedLabel.swift in Sources */,
				A4EFC0A3299E724E00B066AF /* ForegroundColorProvider.swift in Sources */,
			);
			runOnlyForDeploymentPostprocessing = 0;
		};
/* End PBXSourcesBuildPhase section */

/* Begin PBXVariantGroup section */
		3CEC2FBD298FEAB20057D813 /* LaunchScreen.storyboard */ = {
			isa = PBXVariantGroup;
			children = (
				3CEC2FBE298FEAB20057D813 /* Base */,
			);
			name = LaunchScreen.storyboard;
			sourceTree = "<group>";
		};
		A4EFC093299E4D4D00B066AF /* Localizable.strings */ = {
			isa = PBXVariantGroup;
			children = (
				A4EFC092299E4D4D00B066AF /* en */,
			);
			name = Localizable.strings;
			sourceTree = "<group>";
		};
/* End PBXVariantGroup section */

/* Begin XCBuildConfiguration section */
		3CEC2FC1298FEAB20057D813 /* Debug */ = {
			isa = XCBuildConfiguration;
			buildSettings = {
				ALWAYS_SEARCH_USER_PATHS = NO;
				CLANG_ANALYZER_LOCALIZABILITY_NONLOCALIZED = YES;
				CLANG_ANALYZER_NONNULL = YES;
				CLANG_ANALYZER_NUMBER_OBJECT_CONVERSION = YES_AGGRESSIVE;
				CLANG_CXX_LANGUAGE_STANDARD = "gnu++20";
				CLANG_ENABLE_MODULES = YES;
				CLANG_ENABLE_OBJC_ARC = YES;
				CLANG_ENABLE_OBJC_WEAK = YES;
				CLANG_WARN_BLOCK_CAPTURE_AUTORELEASING = YES;
				CLANG_WARN_BOOL_CONVERSION = YES;
				CLANG_WARN_COMMA = YES;
				CLANG_WARN_CONSTANT_CONVERSION = YES;
				CLANG_WARN_DEPRECATED_OBJC_IMPLEMENTATIONS = YES;
				CLANG_WARN_DIRECT_OBJC_ISA_USAGE = YES_ERROR;
				CLANG_WARN_DOCUMENTATION_COMMENTS = YES;
				CLANG_WARN_EMPTY_BODY = YES;
				CLANG_WARN_ENUM_CONVERSION = YES;
				CLANG_WARN_INFINITE_RECURSION = YES;
				CLANG_WARN_INT_CONVERSION = YES;
				CLANG_WARN_NON_LITERAL_NULL_CONVERSION = YES;
				CLANG_WARN_OBJC_IMPLICIT_RETAIN_SELF = YES;
				CLANG_WARN_OBJC_LITERAL_CONVERSION = YES;
				CLANG_WARN_OBJC_ROOT_CLASS = YES_ERROR;
				CLANG_WARN_QUOTED_INCLUDE_IN_FRAMEWORK_HEADER = YES;
				CLANG_WARN_RANGE_LOOP_ANALYSIS = YES;
				CLANG_WARN_STRICT_PROTOTYPES = YES;
				CLANG_WARN_SUSPICIOUS_MOVE = YES;
				CLANG_WARN_UNGUARDED_AVAILABILITY = YES_AGGRESSIVE;
				CLANG_WARN_UNREACHABLE_CODE = YES;
				CLANG_WARN__DUPLICATE_METHOD_MATCH = YES;
				COPY_PHASE_STRIP = NO;
				DEBUG_INFORMATION_FORMAT = dwarf;
				ENABLE_STRICT_OBJC_MSGSEND = YES;
				ENABLE_TESTABILITY = YES;
				GCC_C_LANGUAGE_STANDARD = gnu11;
				GCC_DYNAMIC_NO_PIC = NO;
				GCC_NO_COMMON_BLOCKS = YES;
				GCC_OPTIMIZATION_LEVEL = 0;
				GCC_PREPROCESSOR_DEFINITIONS = (
					"DEBUG=1",
					"$(inherited)",
				);
				GCC_WARN_64_TO_32_BIT_CONVERSION = YES;
				GCC_WARN_ABOUT_RETURN_TYPE = YES_ERROR;
				GCC_WARN_UNDECLARED_SELECTOR = YES;
				GCC_WARN_UNINITIALIZED_AUTOS = YES_AGGRESSIVE;
				GCC_WARN_UNUSED_FUNCTION = YES;
				GCC_WARN_UNUSED_VARIABLE = YES;
				IPHONEOS_DEPLOYMENT_TARGET = 16.2;
				MTL_ENABLE_DEBUG_INFO = INCLUDE_SOURCE;
				MTL_FAST_MATH = YES;
				ONLY_ACTIVE_ARCH = YES;
				SDKROOT = iphoneos;
				SWIFT_ACTIVE_COMPILATION_CONDITIONS = DEBUG;
				SWIFT_OPTIMIZATION_LEVEL = "-Onone";
			};
			name = Debug;
		};
		3CEC2FC2298FEAB20057D813 /* Release */ = {
			isa = XCBuildConfiguration;
			buildSettings = {
				ALWAYS_SEARCH_USER_PATHS = NO;
				CLANG_ANALYZER_LOCALIZABILITY_NONLOCALIZED = YES;
				CLANG_ANALYZER_NONNULL = YES;
				CLANG_ANALYZER_NUMBER_OBJECT_CONVERSION = YES_AGGRESSIVE;
				CLANG_CXX_LANGUAGE_STANDARD = "gnu++20";
				CLANG_ENABLE_MODULES = YES;
				CLANG_ENABLE_OBJC_ARC = YES;
				CLANG_ENABLE_OBJC_WEAK = YES;
				CLANG_WARN_BLOCK_CAPTURE_AUTORELEASING = YES;
				CLANG_WARN_BOOL_CONVERSION = YES;
				CLANG_WARN_COMMA = YES;
				CLANG_WARN_CONSTANT_CONVERSION = YES;
				CLANG_WARN_DEPRECATED_OBJC_IMPLEMENTATIONS = YES;
				CLANG_WARN_DIRECT_OBJC_ISA_USAGE = YES_ERROR;
				CLANG_WARN_DOCUMENTATION_COMMENTS = YES;
				CLANG_WARN_EMPTY_BODY = YES;
				CLANG_WARN_ENUM_CONVERSION = YES;
				CLANG_WARN_INFINITE_RECURSION = YES;
				CLANG_WARN_INT_CONVERSION = YES;
				CLANG_WARN_NON_LITERAL_NULL_CONVERSION = YES;
				CLANG_WARN_OBJC_IMPLICIT_RETAIN_SELF = YES;
				CLANG_WARN_OBJC_LITERAL_CONVERSION = YES;
				CLANG_WARN_OBJC_ROOT_CLASS = YES_ERROR;
				CLANG_WARN_QUOTED_INCLUDE_IN_FRAMEWORK_HEADER = YES;
				CLANG_WARN_RANGE_LOOP_ANALYSIS = YES;
				CLANG_WARN_STRICT_PROTOTYPES = YES;
				CLANG_WARN_SUSPICIOUS_MOVE = YES;
				CLANG_WARN_UNGUARDED_AVAILABILITY = YES_AGGRESSIVE;
				CLANG_WARN_UNREACHABLE_CODE = YES;
				CLANG_WARN__DUPLICATE_METHOD_MATCH = YES;
				COPY_PHASE_STRIP = NO;
				DEBUG_INFORMATION_FORMAT = "dwarf-with-dsym";
				ENABLE_NS_ASSERTIONS = NO;
				ENABLE_STRICT_OBJC_MSGSEND = YES;
				GCC_C_LANGUAGE_STANDARD = gnu11;
				GCC_NO_COMMON_BLOCKS = YES;
				GCC_WARN_64_TO_32_BIT_CONVERSION = YES;
				GCC_WARN_ABOUT_RETURN_TYPE = YES_ERROR;
				GCC_WARN_UNDECLARED_SELECTOR = YES;
				GCC_WARN_UNINITIALIZED_AUTOS = YES_AGGRESSIVE;
				GCC_WARN_UNUSED_FUNCTION = YES;
				GCC_WARN_UNUSED_VARIABLE = YES;
				IPHONEOS_DEPLOYMENT_TARGET = 16.2;
				MTL_ENABLE_DEBUG_INFO = NO;
				MTL_FAST_MATH = YES;
				SDKROOT = iphoneos;
				SWIFT_COMPILATION_MODE = wholemodule;
				SWIFT_OPTIMIZATION_LEVEL = "-O";
				VALIDATE_PRODUCT = YES;
			};
			name = Release;
		};
		3CEC2FC4298FEAB20057D813 /* Debug */ = {
			isa = XCBuildConfiguration;
			baseConfigurationReference = DB1E425FF106AB5AB18DEA46 /* Pods-Reet-Place.debug.xcconfig */;
			buildSettings = {
				ASSETCATALOG_COMPILER_APPICON_NAME = AppIcon;
				ASSETCATALOG_COMPILER_GLOBAL_ACCENT_COLOR_NAME = AccentColor;
				CODE_SIGN_STYLE = Automatic;
				CURRENT_PROJECT_VERSION = 1;
				GENERATE_INFOPLIST_FILE = YES;
				INFOPLIST_FILE = "Reet-Place/Support/Info.plist";
				INFOPLIST_KEY_UIApplicationSupportsIndirectInputEvents = YES;
				INFOPLIST_KEY_UILaunchStoryboardName = LaunchScreen.storyboard;
				INFOPLIST_KEY_UISupportedInterfaceOrientations = UIInterfaceOrientationPortrait;
				INFOPLIST_KEY_UISupportedInterfaceOrientations_iPad = "UIInterfaceOrientationPortrait UIInterfaceOrientationPortraitUpsideDown";
				IPHONEOS_DEPLOYMENT_TARGET = 14.0;
				LD_RUNPATH_SEARCH_PATHS = (
					"$(inherited)",
					"@executable_path/Frameworks",
				);
				MARKETING_VERSION = 1.0;
				PRODUCT_BUNDLE_IDENTIFIER = "ac.dnd.Reet-Place";
				PRODUCT_NAME = "$(TARGET_NAME)";
				SWIFT_EMIT_LOC_STRINGS = YES;
				SWIFT_VERSION = 5.0;
				TARGETED_DEVICE_FAMILY = "1,2";
			};
			name = Debug;
		};
		3CEC2FC5298FEAB20057D813 /* Release */ = {
			isa = XCBuildConfiguration;
			baseConfigurationReference = 3CE41BF2782741A8F3679072 /* Pods-Reet-Place.release.xcconfig */;
			buildSettings = {
				ASSETCATALOG_COMPILER_APPICON_NAME = AppIcon;
				ASSETCATALOG_COMPILER_GLOBAL_ACCENT_COLOR_NAME = AccentColor;
				CODE_SIGN_STYLE = Automatic;
				CURRENT_PROJECT_VERSION = 1;
				GENERATE_INFOPLIST_FILE = YES;
				INFOPLIST_FILE = "Reet-Place/Support/Info.plist";
				INFOPLIST_KEY_UIApplicationSupportsIndirectInputEvents = YES;
				INFOPLIST_KEY_UILaunchStoryboardName = LaunchScreen.storyboard;
				INFOPLIST_KEY_UISupportedInterfaceOrientations = UIInterfaceOrientationPortrait;
				INFOPLIST_KEY_UISupportedInterfaceOrientations_iPad = "UIInterfaceOrientationPortrait UIInterfaceOrientationPortraitUpsideDown";
				IPHONEOS_DEPLOYMENT_TARGET = 14.0;
				LD_RUNPATH_SEARCH_PATHS = (
					"$(inherited)",
					"@executable_path/Frameworks",
				);
				MARKETING_VERSION = 1.0;
				PRODUCT_BUNDLE_IDENTIFIER = "ac.dnd.Reet-Place";
				PRODUCT_NAME = "$(TARGET_NAME)";
				SWIFT_EMIT_LOC_STRINGS = YES;
				SWIFT_VERSION = 5.0;
				TARGETED_DEVICE_FAMILY = "1,2";
			};
			name = Release;
		};
/* End XCBuildConfiguration section */

/* Begin XCConfigurationList section */
		3CEC2FAA298FEAAF0057D813 /* Build configuration list for PBXProject "Reet-Place" */ = {
			isa = XCConfigurationList;
			buildConfigurations = (
				3CEC2FC1298FEAB20057D813 /* Debug */,
				3CEC2FC2298FEAB20057D813 /* Release */,
			);
			defaultConfigurationIsVisible = 0;
			defaultConfigurationName = Release;
		};
		3CEC2FC3298FEAB20057D813 /* Build configuration list for PBXNativeTarget "Reet-Place" */ = {
			isa = XCConfigurationList;
			buildConfigurations = (
				3CEC2FC4298FEAB20057D813 /* Debug */,
				3CEC2FC5298FEAB20057D813 /* Release */,
			);
			defaultConfigurationIsVisible = 0;
			defaultConfigurationName = Release;
		};
/* End XCConfigurationList section */
	};
	rootObject = 3CEC2FA7298FEAAF0057D813 /* Project object */;
}
